<?xml version="1.0" encoding="utf-8"?>
<Project ToolsVersion="4.0" xmlns="http://schemas.microsoft.com/developer/msbuild/2003">
  <ItemGroup>
    <ClCompile Include="main.cpp">
      <Filter>Source Files</Filter>
    </ClCompile>
    <ClCompile Include="classfile\ClassLoader.cpp">
      <Filter>Source Files</Filter>
    </ClCompile>
    <ClCompile Include="gc\GarbageCollector.cpp">
      <Filter>Source Files</Filter>
    </ClCompile>
    <ClCompile Include="runtime\Class.cpp">
      <Filter>Source Files</Filter>
    </ClCompile>
    <ClCompile Include="runtime\ExecutionEngine.cpp">
      <Filter>Source Files</Filter>
    </ClCompile>
    <ClCompile Include="runtime\Method.cpp">
      <Filter>Source Files</Filter>
    </ClCompile>
    <ClCompile Include="runtime\MethodArea.cpp">
      <Filter>Source Files</Filter>
    </ClCompile>
    <ClCompile Include="runtime\OperandStack.cpp">
      <Filter>Source Files</Filter>
    </ClCompile>
    <ClCompile Include="runtime\Runtime.cpp">
      <Filter>Source Files</Filter>
    </ClCompile>
    <ClCompile Include="runtime\ConstantPool.cpp">
      <Filter>Source Files</Filter>
    </ClCompile>
    <ClCompile Include="runtime\ExceptionTable.cpp">
      <Filter>Source Files</Filter>
    </ClCompile>
    <ClCompile Include="runtime\MethodFrame.cpp">
      <Filter>Source Files</Filter>
    </ClCompile>
    <ClCompile Include="utils\Utf8String.cpp">
      <Filter>Source Files</Filter>
    </ClCompile>
    <ClCompile Include="gc\Heap.cpp">
      <Filter>Source Files</Filter>
    </ClCompile>
    <ClCompile Include="gc\TreadMillGc.cpp">
      <Filter>Source Files</Filter>
    </ClCompile>
    <ClCompile Include="gc\experiments.cpp">
      <Filter>Source Files</Filter>
    </ClCompile>
    <ClCompile Include="utils\Utf16String.cpp">
      <Filter>Source Files</Filter>
    </ClCompile>
    <ClCompile Include="types\Descriptors.cpp">
      <Filter>Source Files</Filter>
    </ClCompile>
    <ClCompile Include="natives\natives.cpp">
      <Filter>Source Files</Filter>
    </ClCompile>
    <ClCompile Include="runtime\ClassMap.cpp">
      <Filter>Source Files</Filter>
    </ClCompile>
    <ClCompile Include="gc\ObjectTable.cpp">
      <Filter>Source Files</Filter>
    </ClCompile>
    <ClCompile Include="gc\MS\Marker.cpp">
      <Filter>Source Files</Filter>
    </ClCompile>
    <ClCompile Include="gc\Baker\BakerGc.cpp">
      <Filter>Source Files</Filter>
    </ClCompile>
    <ClCompile Include="natives\java\lang\Object.cpp">
      <Filter>Source Files</Filter>
    </ClCompile>
    <ClCompile Include="natives\java\io\PrintStream.cpp">
      <Filter>Source Files</Filter>
    </ClCompile>
    <ClCompile Include="natives\java\lang\JavaString.cpp">
      <Filter>Source Files</Filter>
    </ClCompile>
    <ClCompile Include="natives\java\lang\System.cpp">
      <Filter>Source Files</Filter>
    </ClCompile>
  </ItemGroup>
  <ItemGroup>
    <ClInclude Include="classfile\ClassFile.h">
      <Filter>Header Files</Filter>
    </ClInclude>
    <ClInclude Include="classfile\ClassLoader.h">
      <Filter>Header Files</Filter>
    </ClInclude>
    <ClInclude Include="natives\Declarations.h">
      <Filter>Header Files</Filter>
    </ClInclude>
    <ClInclude Include="gc\GarbageCollector.h">
      <Filter>Header Files</Filter>
    </ClInclude>
    <ClInclude Include="runtime\Class.h">
      <Filter>Header Files</Filter>
    </ClInclude>
    <ClInclude Include="runtime\ExecutionEngine.h">
      <Filter>Header Files</Filter>
    </ClInclude>
    <ClInclude Include="runtime\InstructionSet.h">
      <Filter>Header Files</Filter>
    </ClInclude>
    <ClInclude Include="runtime\Method.h">
      <Filter>Header Files</Filter>
    </ClInclude>
    <ClInclude Include="runtime\MethodArea.h">
      <Filter>Header Files</Filter>
    </ClInclude>
    <ClInclude Include="runtime\OperandStack.h">
      <Filter>Header Files</Filter>
    </ClInclude>
    <ClInclude Include="runtime\Runtime.h">
      <Filter>Header Files</Filter>
    </ClInclude>
    <ClInclude Include="types\types.h">
      <Filter>Header Files</Filter>
    </ClInclude>
    <ClInclude Include="types\ConversionFunctions.h">
      <Filter>Header Files</Filter>
    </ClInclude>
    <ClInclude Include="types\Aliases.h">
      <Filter>Header Files</Filter>
    </ClInclude>
    <ClInclude Include="jvm_structures\TypeInfo.h">
      <Filter>Header Files</Filter>
    </ClInclude>
    <ClInclude Include="runtime\ConstantPool.h">
      <Filter>Header Files</Filter>
    </ClInclude>
    <ClInclude Include="runtime\ExceptionTable.h">
      <Filter>Header Files</Filter>
    </ClInclude>
    <ClInclude Include="utils\Array.h">
      <Filter>Header Files</Filter>
    </ClInclude>
    <ClInclude Include="runtime\LocalVariablesArray.h">
      <Filter>Header Files</Filter>
    </ClInclude>
    <ClInclude Include="jvm_structures\Reference.h">
      <Filter>Header Files</Filter>
    </ClInclude>
    <ClInclude Include="jvm_structures\JavaConstantPool.h">
      <Filter>Header Files</Filter>
    </ClInclude>
    <ClInclude Include="runtime\MethodFrame.h">
      <Filter>Header Files</Filter>
    </ClInclude>
    <ClInclude Include="runtime\AccessFlags.h">
      <Filter>Header Files</Filter>
    </ClInclude>
    <ClInclude Include="runtime\Field.h">
      <Filter>Header Files</Filter>
    </ClInclude>
    <ClInclude Include="runtime\TypeDescriptors.h">
      <Filter>Header Files</Filter>
    </ClInclude>
    <ClInclude Include="utils\Utf8String.h">
      <Filter>Header Files</Filter>
    </ClInclude>
    <ClInclude Include="gc\Heap.h">
      <Filter>Header Files</Filter>
    </ClInclude>
    <ClInclude Include="gc\MemoryCell.h">
      <Filter>Header Files</Filter>
    </ClInclude>
    <ClInclude Include="gc\TreadMillGc.h">
      <Filter>Header Files</Filter>
    </ClInclude>
    <ClInclude Include="gc\experiments.h">
      <Filter>Header Files</Filter>
    </ClInclude>
    <ClInclude Include="runtime\Object.h">
      <Filter>Header Files</Filter>
    </ClInclude>
    <ClInclude Include="threads\Mutex.h">
      <Filter>Header Files</Filter>
    </ClInclude>
    <ClInclude Include="exceptions\RuntimeExceptions.h">
      <Filter>Header Files</Filter>
    </ClInclude>
    <ClInclude Include="runtime\ArrayObject.h">
      <Filter>Header Files</Filter>
    </ClInclude>
    <ClInclude Include="utils\Macros.h">
      <Filter>Header Files</Filter>
    </ClInclude>
    <ClInclude Include="utils\HashMap.h">
      <Filter>Header Files</Filter>
    </ClInclude>
    <ClInclude Include="utils\Utf16String.h">
      <Filter>Header Files</Filter>
    </ClInclude>
    <ClInclude Include="types\Descriptors.h">
      <Filter>Header Files</Filter>
    </ClInclude>
    <ClInclude Include="natives\natives.h">
      <Filter>Header Files</Filter>
    </ClInclude>
    <ClInclude Include="runtime\ClassMap.h">
      <Filter>Header Files</Filter>
    </ClInclude>
    <ClInclude Include="gc\ObjectTable.h">
      <Filter>Header Files</Filter>
    </ClInclude>
    <ClInclude Include="gc\Marker.h">
      <Filter>Header Files</Filter>
    </ClInclude>
    <ClInclude Include="gc\MS\Marker.h">
      <Filter>Header Files</Filter>
    </ClInclude>
    <ClInclude Include="gc\MS\Color.h">
      <Filter>Header Files</Filter>
    </ClInclude>
    <ClInclude Include="gc\interfaces\HeapInterface.h">
      <Filter>Header Files</Filter>
    </ClInclude>
    <ClInclude Include="gc\interfaces\VisitableInterface.h">
      <Filter>Header Files</Filter>
    </ClInclude>
    <ClInclude Include="gc\interfaces\ObjectVisitorInterface.h">
      <Filter>Header Files</Filter>
    </ClInclude>
    <ClInclude Include="gc\Baker\BakerGc.h">
      <Filter>Header Files</Filter>
    </ClInclude>
    <ClInclude Include="gc\interfaces\FinalizableInterface.h">
      <Filter>Header Files</Filter>
    </ClInclude>
    <ClInclude Include="gc\interfaces\GarbageCollectableInterface.h">
      <Filter>Header Files</Filter>
    </ClInclude>
    <ClInclude Include="runtime\ClassMemberMap.h">
      <Filter>Header Files</Filter>
    </ClInclude>
    <ClInclude Include="runtime\ClassMember.h">
      <Filter>Header Files</Filter>
    </ClInclude>
    <ClInclude Include="natives\java\lang\Object.h">
      <Filter>Header Files</Filter>
    </ClInclude>
    <ClInclude Include="natives\java\io\PrintStream.h">
      <Filter>Header Files</Filter>
    </ClInclude>
    <ClInclude Include="natives\java\lang\JavaString.h">
      <Filter>Header Files</Filter>
    </ClInclude>
    <ClInclude Include="natives\java\lang\System.h">
      <Filter>Header Files</Filter>
    </ClInclude>
  </ItemGroup>
  <ItemGroup>
    <Filter Include="Header Files">
      <UniqueIdentifier>{23222b48-d1fd-4087-bcbe-13c6d45e0ff2}</UniqueIdentifier>
      <Extensions>h;hh;hpp;hxx;hm;inl;inc;xsd</Extensions>
    </Filter>
    <Filter Include="Source Files">
      <UniqueIdentifier>{833b8f6f-a83b-4d9a-81d2-c2a4f63ed654}</UniqueIdentifier>
      <Extensions>cpp;c;cc;cxx;def;odl;idl;hpj;bat;asm;asmx</Extensions>
    </Filter>
  </ItemGroup>
  <ItemGroup>
    <None Include="natives\Declarations.cpp" />
  </ItemGroup>
</Project>